
Microsoft Visual Studio Solution File, Format Version 12.00
# Visual Studio Version 16
VisualStudioVersion = 16.0.31019.35
MinimumVisualStudioVersion = 10.0.40219.1
Project("{9A19103F-16F7-4668-BE54-9A1E7A4F7556}") = "Metrc.SampleProject.WebApp", "Metrc.SampleProject.WebApp\Metrc.SampleProject.WebApp.csproj", "{3A603F20-2893-426C-BE06-AB5777098005}"
EndProject
Project("{9A19103F-16F7-4668-BE54-9A1E7A4F7556}") = "Metrc.SampleProject.Services", "Metrc.SampleProject.Services\Metrc.SampleProject.Services.csproj", "{ECE747F6-0FFD-4706-80A4-3631B56614DA}"
EndProject
Project("{9A19103F-16F7-4668-BE54-9A1E7A4F7556}") = "Metrc.SampleProject.Contracts", "Metrc.SampleProject.Contracts\Metrc.SampleProject.Contracts.csproj", "{1036B51D-5AF1-42C2-8384-6FC9EE476464}"
EndProject
Project("{9A19103F-16F7-4668-BE54-9A1E7A4F7556}") = "Metrc.SampleProject.Deployments", "Metrc.SampleProject.Deployments\Metrc.SampleProject.Deployments.csproj", "{98C493BB-1429-421E-A43E-D8BA0596F6B7}"
EndProject
Global
	GlobalSection(SolutionConfigurationPlatforms) = preSolution
		Debug|Any CPU = Debug|Any CPU
		Release|Any CPU = Release|Any CPU
	EndGlobalSection
	GlobalSection(ProjectConfigurationPlatforms) = postSolution
		{3A603F20-2893-426C-BE06-AB5777098005}.Debug|Any CPU.ActiveCfg = Debug|Any CPU
		{3A603F20-2893-426C-BE06-AB5777098005}.Debug|Any CPU.Build.0 = Debug|Any CPU
		{3A603F20-2893-426C-BE06-AB5777098005}.Release|Any CPU.ActiveCfg = Release|Any CPU
		{3A603F20-2893-426C-BE06-AB5777098005}.Release|Any CPU.Build.0 = Release|Any CPU
		{ECE747F6-0FFD-4706-80A4-3631B56614DA}.Debug|Any CPU.ActiveCfg = Debug|Any CPU
		{ECE747F6-0FFD-4706-80A4-3631B56614DA}.Debug|Any CPU.Build.0 = Debug|Any CPU
		{ECE747F6-0FFD-4706-80A4-3631B56614DA}.Release|Any CPU.ActiveCfg = Release|Any CPU
		{ECE747F6-0FFD-4706-80A4-3631B56614DA}.Release|Any CPU.Build.0 = Release|Any CPU
		{1036B51D-5AF1-42C2-8384-6FC9EE476464}.Debug|Any CPU.ActiveCfg = Debug|Any CPU
		{1036B51D-5AF1-42C2-8384-6FC9EE476464}.Debug|Any CPU.Build.0 = Debug|Any CPU
		{1036B51D-5AF1-42C2-8384-6FC9EE476464}.Release|Any CPU.ActiveCfg = Release|Any CPU
		{1036B51D-5AF1-42C2-8384-6FC9EE476464}.Release|Any CPU.Build.0 = Release|Any CPU
		{98C493BB-1429-421E-A43E-D8BA0596F6B7}.Debug|Any CPU.ActiveCfg = Debug|Any CPU
		{98C493BB-1429-421E-A43E-D8BA0596F6B7}.Debug|Any CPU.Build.0 = Debug|Any CPU
		{98C493BB-1429-421E-A43E-D8BA0596F6B7}.Release|Any CPU.ActiveCfg = Release|Any CPU
		{98C493BB-1429-421E-A43E-D8BA0596F6B7}.Release|Any CPU.Build.0 = Release|Any CPU
	EndGlobalSection
	GlobalSection(SolutionProperties) = preSolution
		HideSolutionNode = FALSE
	EndGlobalSection
	GlobalSection(ExtensibilityGlobals) = postSolution
		SolutionGuid = {65378EA1-9EB8-4B5F-8886-7088B299EDC7}
	EndGlobalSection
EndGlobal
